{
  "nodes": {
    "data": {
      "flake": false,
      "locked": {
        "lastModified": 1768953742,
        "narHash": "sha256-w8eo86mo1nz3R5mFyUDJAGMWXNw5e16Oh8CBIoTKlvA=",
        "owner": "andre4ik3",
        "repo": "nix-homebrew-casks",
        "rev": "4941795ef367a3108f9cda73bbbe5410eac45ab3",
        "type": "github"
      },
      "original": {
        "owner": "andre4ik3",
        "ref": "data",
        "repo": "nix-homebrew-casks",
        "type": "github"
      }
    },
    "flake-compat": {
      "locked": {
        "lastModified": 1761640442,
        "narHash": "sha256-AtrEP6Jmdvrqiv4x2xa5mrtaIp3OEe8uBYCDZDS+hu8=",
        "owner": "nix-community",
        "repo": "flake-compat",
        "rev": "4a56054d8ffc173222d09dad23adf4ba946c8884",
        "type": "github"
      },
      "original": {
        "owner": "nix-community",
        "repo": "flake-compat",
        "type": "github"
      }
    },
    "nixpkgs": {
      "locked": {
        "lastModified": 1767962478,
        "narHash": "sha256-QZ0M4H+QIQaU3OFW0WH3fLoSnfNwhAZhn7+LBvdMGoA=",
        "rev": "35588f29848c57ea8ac86699278d2a410dab0adb",
        "type": "tarball",
        "url": "https://releases.nixos.org/nixpkgs/25.11-darwin/nixpkgs-darwin-25.11pre905308.35588f29848c/nixexprs.tar.xz"
      },
      "original": {
        "type": "tarball",
        "url": "https://nixpkgs.flake.andre4ik3.dev/stable/darwin"
      }
    },
    "root": {
      "inputs": {
        "data": "data",
        "flake-compat": "flake-compat",
        "nixpkgs": "nixpkgs"
      }
    }
  },
  "root": "root",
  "version": 7
}
