{
  "nodes": {
    "data": {
      "flake": false,
      "locked": {
        "lastModified": 1784333711,
        "narHash": "sha256-Z8g9NFDKKkatDM8Yr0nVe3HFL990Fv/yy51FJEPunFg=",
        "owner": "andre4ik3",
        "repo": "nix-homebrew-casks",
        "rev": "2ab8e2d077c9727d2a66d260a599646062c5cd2f",
        "type": "github"
      },
      "original": {
        "owner": "andre4ik3",
        "ref": "data",
        "repo": "nix-homebrew-casks",
        "type": "github"
      }
    },
    "flake-compat": {
      "locked": {
        "lastModified": 1761640442,
        "narHash": "sha256-AtrEP6Jmdvrqiv4x2xa5mrtaIp3OEe8uBYCDZDS+hu8=",
        "owner": "nix-community",
        "repo": "flake-compat",
        "rev": "4a56054d8ffc173222d09dad23adf4ba946c8884",
        "type": "github"
      },
      "original": {
        "owner": "nix-community",
        "repo": "flake-compat",
        "type": "github"
      }
    },
    "nixpkgs": {
      "locked": {
        "lastModified": 1784182977,
        "narHash": "sha256-b0VrVEhHxS7NaVrYcn6iI2h18wSgsfaKB9czsnSwhhY=",
        "rev": "29c22b7761070f37c4c2b0dd6a8777f0bd43e268",
        "type": "tarball",
        "url": "https://releases.nixos.org/nixpkgs/26.05-darwin/nixpkgs-darwin-26.05pre1009387.29c22b776107/nixexprs.tar.xz"
      },
      "original": {
        "type": "tarball",
        "url": "https://nixpkgs.flake.andre4ik3.dev/stable/darwin"
      }
    },
    "root": {
      "inputs": {
        "data": "data",
        "flake-compat": "flake-compat",
        "nixpkgs": "nixpkgs"
      }
    }
  },
  "root": "root",
  "version": 7
}
