{
  "nodes": {
    "data": {
      "flake": false,
      "locked": {
        "lastModified": 1759536111,
        "narHash": "sha256-gxiBvpJEHQNvW1Rkod+B+3jVmw7/N9wZ+ZxialcXzv0=",
        "owner": "andre4ik3",
        "repo": "nix-homebrew-casks",
        "rev": "da6760f346f999e66fc27cb9cf0823b009871523",
        "type": "github"
      },
      "original": {
        "owner": "andre4ik3",
        "ref": "data",
        "repo": "nix-homebrew-casks",
        "type": "github"
      }
    },
    "flake-compat": {
      "locked": {
        "lastModified": 1746162366,
        "narHash": "sha256-5SSSZ/oQkwfcAz/o/6TlejlVGqeK08wyREBQ5qFFPhM=",
        "owner": "nix-community",
        "repo": "flake-compat",
        "rev": "0f158086a2ecdbb138cd0429410e44994f1b7e4b",
        "type": "github"
      },
      "original": {
        "owner": "nix-community",
        "repo": "flake-compat",
        "type": "github"
      }
    },
    "nixpkgs": {
      "locked": {
        "lastModified": 315532800,
        "narHash": "sha256-t5JKAHEnj0oWdtN6D5/nYODHQGNlcUL7388qky7e7fY=",
        "rev": "b2f842e4d99dc35a0951b9582c64bb26789e929d",
        "type": "tarball",
        "url": "https://releases.nixos.org/nixpkgs/25.05-darwin/nixpkgs-darwin-25.05pre810690.b2f842e4d99d/nixexprs.tar.xz"
      },
      "original": {
        "type": "tarball",
        "url": "https://nixpkgs.flake.andre4ik3.dev/stable/darwin"
      }
    },
    "root": {
      "inputs": {
        "data": "data",
        "flake-compat": "flake-compat",
        "nixpkgs": "nixpkgs"
      }
    }
  },
  "root": "root",
  "version": 7
}
